
Microsoft Visual Studio Solution File, Format Version 12.00
# Visual Studio Version 17
VisualStudioVersion = 17.6.33829.357
MinimumVisualStudioVersion = 10.0.40219.1
Project("{9A19103F-16F7-4668-BE54-9A1E7A4F7556}") = "Masstransit.StateMachine.Contracts", "Contracts\Masstransit.StateMachine.Contracts\Masstransit.StateMachine.Contracts.csproj", "{3AC84A62-0C59-4452-9CB5-2AFD9A6CA23B}"
EndProject
Project("{9A19103F-16F7-4668-BE54-9A1E7A4F7556}") = "Masstransit.StateMachine.Consumer", "Consumer\Masstransit.StateMachine.Consumer.csproj", "{DB7DB0E3-0D24-4C6C-8BBD-BEDCF940C874}"
EndProject
Global
	GlobalSection(SolutionConfigurationPlatforms) = preSolution
		Debug|Any CPU = Debug|Any CPU
		Release|Any CPU = Release|Any CPU
	EndGlobalSection
	GlobalSection(ProjectConfigurationPlatforms) = postSolution
		{3AC84A62-0C59-4452-9CB5-2AFD9A6CA23B}.Debug|Any CPU.ActiveCfg = Debug|Any CPU
		{3AC84A62-0C59-4452-9CB5-2AFD9A6CA23B}.Debug|Any CPU.Build.0 = Debug|Any CPU
		{3AC84A62-0C59-4452-9CB5-2AFD9A6CA23B}.Release|Any CPU.ActiveCfg = Release|Any CPU
		{3AC84A62-0C59-4452-9CB5-2AFD9A6CA23B}.Release|Any CPU.Build.0 = Release|Any CPU
		{DB7DB0E3-0D24-4C6C-8BBD-BEDCF940C874}.Debug|Any CPU.ActiveCfg = Debug|Any CPU
		{DB7DB0E3-0D24-4C6C-8BBD-BEDCF940C874}.Debug|Any CPU.Build.0 = Debug|Any CPU
		{DB7DB0E3-0D24-4C6C-8BBD-BEDCF940C874}.Release|Any CPU.ActiveCfg = Release|Any CPU
		{DB7DB0E3-0D24-4C6C-8BBD-BEDCF940C874}.Release|Any CPU.Build.0 = Release|Any CPU
	EndGlobalSection
	GlobalSection(SolutionProperties) = preSolution
		HideSolutionNode = FALSE
	EndGlobalSection
	GlobalSection(ExtensibilityGlobals) = postSolution
		SolutionGuid = {C5EC75CE-D992-4CA5-A082-E0FA0002CC72}
	EndGlobalSection
EndGlobal
